
Microsoft Visual Studio Solution File, Format Version 12.00
# Visual Studio Version 17
VisualStudioVersion = 17.3.32825.248
MinimumVisualStudioVersion = 10.0.40219.1
Project("{FAE04EC0-301F-11D3-BF4B-00C04F79EFBC}") = "Graphic", "Graphic.csproj", "{7F4757DC-BF10-4992-9F91-852E6E6086FA}"
EndProject
Global
	GlobalSection(SolutionConfigurationPlatforms) = preSolution
		Debug|Any CPU = Debug|Any CPU
		Release|Any CPU = Release|Any CPU
	EndGlobalSection
	GlobalSection(ProjectConfigurationPlatforms) = postSolution
		{7F4757DC-BF10-4992-9F91-852E6E6086FA}.Debug|Any CPU.ActiveCfg = Debug|Any CPU
		{7F4757DC-BF10-4992-9F91-852E6E6086FA}.Debug|Any CPU.Build.0 = Debug|Any CPU
		{7F4757DC-BF10-4992-9F91-852E6E6086FA}.Release|Any CPU.ActiveCfg = Release|Any CPU
		{7F4757DC-BF10-4992-9F91-852E6E6086FA}.Release|Any CPU.Build.0 = Release|Any CPU
	EndGlobalSection
	GlobalSection(SolutionProperties) = preSolution
		HideSolutionNode = FALSE
	EndGlobalSection
	GlobalSection(ExtensibilityGlobals) = postSolution
		SolutionGuid = {E93E7076-B3F4-4675-AC4A-F3C6D1BF2A99}
	EndGlobalSection
EndGlobal
